// !$*UTF8*$!
{
	archiveVersion = 1;
	classes = {
	};
	objectVersion = 56;
	objects = {

/* Begin PBXBuildFile section */
		DD08E51B2A97B3C300E8FEB8 /* AppDelegate.swift in Sources */ = {isa = PBXBuildFile; fileRef = DD08E51A2A97B3C300E8FEB8 /* AppDelegate.swift */; };
		DD08E51F2A97B3C300E8FEB8 /* TabBarController.swift in Sources */ = {isa = PBXBuildFile; fileRef = DD08E51E2A97B3C300E8FEB8 /* TabBarController.swift */; };
		DD08E5242A97B3C300E8FEB8 /* Assets.xcassets in Resources */ = {isa = PBXBuildFile; fileRef = DD08E5232A97B3C300E8FEB8 /* Assets.xcassets */; };
		DD08E5272A97B3C300E8FEB8 /* LaunchScreen.storyboard in Resources */ = {isa = PBXBuildFile; fileRef = DD08E5252A97B3C300E8FEB8 /* LaunchScreen.storyboard */; };
		DD1D1AA92A9B816600BF2BCF /* Tracker.swift in Sources */ = {isa = PBXBuildFile; fileRef = DD1D1AA82A9B816600BF2BCF /* Tracker.swift */; };
		DD1D1AAB2A9B820100BF2BCF /* TrackerCategory.swift in Sources */ = {isa = PBXBuildFile; fileRef = DD1D1AAA2A9B820100BF2BCF /* TrackerCategory.swift */; };
		DD284A392AC21376003C9BDD /* NewCategoryViewModel.swift in Sources */ = {isa = PBXBuildFile; fileRef = DD284A382AC21376003C9BDD /* NewCategoryViewModel.swift */; };
		DD284A3D2AC32FB3003C9BDD /* NewCategoryModel.swift in Sources */ = {isa = PBXBuildFile; fileRef = DD284A3C2AC32FB3003C9BDD /* NewCategoryModel.swift */; };
		DD284A402AC33D99003C9BDD /* StoreError.swift in Sources */ = {isa = PBXBuildFile; fileRef = DD284A3F2AC33D99003C9BDD /* StoreError.swift */; };
		DD284A442AC4BB38003C9BDD /* ScheduleViewModel.swift in Sources */ = {isa = PBXBuildFile; fileRef = DD284A432AC4BB38003C9BDD /* ScheduleViewModel.swift */; };
		DD284A482AC4BD3B003C9BDD /* ScheduleCellViewModel.swift in Sources */ = {isa = PBXBuildFile; fileRef = DD284A472AC4BD3B003C9BDD /* ScheduleCellViewModel.swift */; };
		DD284A4A2AC4C5E3003C9BDD /* WeekDay.swift in Sources */ = {isa = PBXBuildFile; fileRef = DD284A492AC4C5E3003C9BDD /* WeekDay.swift */; };
		DD32B88B2AC0739E0082E91F /* CategoryListView.swift in Sources */ = {isa = PBXBuildFile; fileRef = DD32B88A2AC0739E0082E91F /* CategoryListView.swift */; };
		DD32B88D2AC073BB0082E91F /* CategoryListViewModel.swift in Sources */ = {isa = PBXBuildFile; fileRef = DD32B88C2AC073BB0082E91F /* CategoryListViewModel.swift */; };
		DD32B88F2AC073CA0082E91F /* CategoryListModel.swift in Sources */ = {isa = PBXBuildFile; fileRef = DD32B88E2AC073CA0082E91F /* CategoryListModel.swift */; };
		DD3941A52ABEE38A0059233A /* OnboardingViewController.swift in Sources */ = {isa = PBXBuildFile; fileRef = DD3941A42ABEE38A0059233A /* OnboardingViewController.swift */; };
		DD3941A82ABEF7520059233A /* PageViewController.swift in Sources */ = {isa = PBXBuildFile; fileRef = DD3941A72ABEF7520059233A /* PageViewController.swift */; };
		DD4137D22AB23127002B851A /* TrackerRecord.swift in Sources */ = {isa = PBXBuildFile; fileRef = DD4137D12AB23127002B851A /* TrackerRecord.swift */; };
		DD41BA8E2AA9D63B00943466 /* GeometricParameters.swift in Sources */ = {isa = PBXBuildFile; fileRef = DD41BA8D2AA9D63B00943466 /* GeometricParameters.swift */; };
		DD7574252A9E2DE800619147 /* TrackerSetupViewController.swift in Sources */ = {isa = PBXBuildFile; fileRef = DD7574242A9E2DE800619147 /* TrackerSetupViewController.swift */; };
		DD7574282A9E48D400619147 /* UIButton+Extensions.swift in Sources */ = {isa = PBXBuildFile; fileRef = DD7574272A9E48D400619147 /* UIButton+Extensions.swift */; };
		DD75742A2A9E790000619147 /* ScheduleView.swift in Sources */ = {isa = PBXBuildFile; fileRef = DD7574292A9E790000619147 /* ScheduleView.swift */; };
		DD8C52D42AC07A68007F3800 /* SnapKit in Frameworks */ = {isa = PBXBuildFile; productRef = DD8C52D32AC07A68007F3800 /* SnapKit */; };
		DD8C52D62AC07A68007F3800 /* SnapKit-Dynamic in Frameworks */ = {isa = PBXBuildFile; productRef = DD8C52D52AC07A68007F3800 /* SnapKit-Dynamic */; };
		DD8C52D82AC1F3DC007F3800 /* Observable.swift in Sources */ = {isa = PBXBuildFile; fileRef = DD8C52D72AC1F3DC007F3800 /* Observable.swift */; };
		DD8C52DA2AC1F957007F3800 /* CategoryCellViewModel.swift in Sources */ = {isa = PBXBuildFile; fileRef = DD8C52D92AC1F957007F3800 /* CategoryCellViewModel.swift */; };
		DD8C52DF2AC1FB57007F3800 /* NewCategoryView.swift in Sources */ = {isa = PBXBuildFile; fileRef = DD8C52DE2AC1FB57007F3800 /* NewCategoryView.swift */; };
		DD8C52E12AC2033E007F3800 /* CategoryCellView.swift in Sources */ = {isa = PBXBuildFile; fileRef = DD8C52E02AC2033E007F3800 /* CategoryCellView.swift */; };
		DD8E80272AA2406C00790687 /* UIViewController+Extensions.swift in Sources */ = {isa = PBXBuildFile; fileRef = DD8E80262AA2406C00790687 /* UIViewController+Extensions.swift */; };
		DD8E80292AA262EC00790687 /* TrackerCategoryHeader.swift in Sources */ = {isa = PBXBuildFile; fileRef = DD8E80282AA262EC00790687 /* TrackerCategoryHeader.swift */; };
		DDBA49D22A9B242000E1E0C9 /* TrackerCollectionViewController.swift in Sources */ = {isa = PBXBuildFile; fileRef = DDBA49D12A9B242000E1E0C9 /* TrackerCollectionViewController.swift */; };
		DDBA49D52A9B248E00E1E0C9 /* StatisticsViewController.swift in Sources */ = {isa = PBXBuildFile; fileRef = DDBA49D42A9B248E00E1E0C9 /* StatisticsViewController.swift */; };
		DDBA49D92A9B2DE400E1E0C9 /* UIColor+Extensions.swift in Sources */ = {isa = PBXBuildFile; fileRef = DDBA49D82A9B2DE400E1E0C9 /* UIColor+Extensions.swift */; };
		DDD982EB2A9FB48000994B01 /* ScheduleCellView.swift in Sources */ = {isa = PBXBuildFile; fileRef = DDD982EA2A9FB48000994B01 /* ScheduleCellView.swift */; };
		DDD982F12A9FD70100994B01 /* TrackerSetupTableViewCell.swift in Sources */ = {isa = PBXBuildFile; fileRef = DDD982F02A9FD70100994B01 /* TrackerSetupTableViewCell.swift */; };
		DDDF41282AAB3AA500F4A75F /* TrackerSetupEmojiCell.swift in Sources */ = {isa = PBXBuildFile; fileRef = DDDF41272AAB3AA500F4A75F /* TrackerSetupEmojiCell.swift */; };
		DDDF412A2AAB3AB100F4A75F /* TrackerSetupSupView.swift in Sources */ = {isa = PBXBuildFile; fileRef = DDDF41292AAB3AB100F4A75F /* TrackerSetupSupView.swift */; };
		DDDF412C2AAB3AB800F4A75F /* TrackerSetupColorCell.swift in Sources */ = {isa = PBXBuildFile; fileRef = DDDF412B2AAB3AB800F4A75F /* TrackerSetupColorCell.swift */; };
		DDDF412F2AAB783300F4A75F /* Model.xcdatamodeld in Sources */ = {isa = PBXBuildFile; fileRef = DDDF412D2AAB783300F4A75F /* Model.xcdatamodeld */; };
		DDDF413D2AACA96100F4A75F /* TrackerStore.swift in Sources */ = {isa = PBXBuildFile; fileRef = DDDF413C2AACA96100F4A75F /* TrackerStore.swift */; };
		DDDF413F2AACA97000F4A75F /* TrackerCategoryStore.swift in Sources */ = {isa = PBXBuildFile; fileRef = DDDF413E2AACA97000F4A75F /* TrackerCategoryStore.swift */; };
		DDDF41412AACA97E00F4A75F /* TrackerRecordStore.swift in Sources */ = {isa = PBXBuildFile; fileRef = DDDF41402AACA97E00F4A75F /* TrackerRecordStore.swift */; };
		DDFD06252A9BCE99005F3117 /* TrackerTypeViewController.swift in Sources */ = {isa = PBXBuildFile; fileRef = DDFD06242A9BCE99005F3117 /* TrackerTypeViewController.swift */; };
		DDFD06272A9BDA99005F3117 /* UILabel+Extensions.swift in Sources */ = {isa = PBXBuildFile; fileRef = DDFD06262A9BDA99005F3117 /* UILabel+Extensions.swift */; };
		DDFD06292A9CFB2E005F3117 /* TrackerCollectionViewCell.swift in Sources */ = {isa = PBXBuildFile; fileRef = DDFD06282A9CFB2E005F3117 /* TrackerCollectionViewCell.swift */; };
/* End PBXBuildFile section */

/* Begin PBXFileReference section */
		DD08E5172A97B3C300E8FEB8 /* Tracker.app */ = {isa = PBXFileReference; explicitFileType = wrapper.application; includeInIndex = 0; path = Tracker.app; sourceTree = BUILT_PRODUCTS_DIR; };
		DD08E51A2A97B3C300E8FEB8 /* AppDelegate.swift */ = {isa = PBXFileReference; lastKnownFileType = sourcecode.swift; path = AppDelegate.swift; sourceTree = "<group>"; };
		DD08E51E2A97B3C300E8FEB8 /* TabBarController.swift */ = {isa = PBXFileReference; lastKnownFileType = sourcecode.swift; path = TabBarController.swift; sourceTree = "<group>"; };
		DD08E5232A97B3C300E8FEB8 /* Assets.xcassets */ = {isa = PBXFileReference; lastKnownFileType = folder.assetcatalog; path = Assets.xcassets; sourceTree = "<group>"; };
		DD08E5262A97B3C300E8FEB8 /* Base */ = {isa = PBXFileReference; lastKnownFileType = file.storyboard; name = Base; path = Base.lproj/LaunchScreen.storyboard; sourceTree = "<group>"; };
		DD08E5282A97B3C300E8FEB8 /* Info.plist */ = {isa = PBXFileReference; lastKnownFileType = text.plist.xml; path = Info.plist; sourceTree = "<group>"; };
		DD1D1AA82A9B816600BF2BCF /* Tracker.swift */ = {isa = PBXFileReference; lastKnownFileType = sourcecode.swift; path = Tracker.swift; sourceTree = "<group>"; };
		DD1D1AAA2A9B820100BF2BCF /* TrackerCategory.swift */ = {isa = PBXFileReference; lastKnownFileType = sourcecode.swift; path = TrackerCategory.swift; sourceTree = "<group>"; };
		DD284A382AC21376003C9BDD /* NewCategoryViewModel.swift */ = {isa = PBXFileReference; lastKnownFileType = sourcecode.swift; path = NewCategoryViewModel.swift; sourceTree = "<group>"; };
		DD284A3C2AC32FB3003C9BDD /* NewCategoryModel.swift */ = {isa = PBXFileReference; lastKnownFileType = sourcecode.swift; path = NewCategoryModel.swift; sourceTree = "<group>"; };
		DD284A3F2AC33D99003C9BDD /* StoreError.swift */ = {isa = PBXFileReference; lastKnownFileType = sourcecode.swift; path = StoreError.swift; sourceTree = "<group>"; };
		DD284A432AC4BB38003C9BDD /* ScheduleViewModel.swift */ = {isa = PBXFileReference; lastKnownFileType = sourcecode.swift; path = ScheduleViewModel.swift; sourceTree = "<group>"; };
		DD284A472AC4BD3B003C9BDD /* ScheduleCellViewModel.swift */ = {isa = PBXFileReference; lastKnownFileType = sourcecode.swift; path = ScheduleCellViewModel.swift; sourceTree = "<group>"; };
		DD284A492AC4C5E3003C9BDD /* WeekDay.swift */ = {isa = PBXFileReference; lastKnownFileType = sourcecode.swift; path = WeekDay.swift; sourceTree = "<group>"; };
		DD32B88A2AC0739E0082E91F /* CategoryListView.swift */ = {isa = PBXFileReference; lastKnownFileType = sourcecode.swift; path = CategoryListView.swift; sourceTree = "<group>"; };
		DD32B88C2AC073BB0082E91F /* CategoryListViewModel.swift */ = {isa = PBXFileReference; lastKnownFileType = sourcecode.swift; path = CategoryListViewModel.swift; sourceTree = "<group>"; };
		DD32B88E2AC073CA0082E91F /* CategoryListModel.swift */ = {isa = PBXFileReference; lastKnownFileType = sourcecode.swift; path = CategoryListModel.swift; sourceTree = "<group>"; };
		DD3941A42ABEE38A0059233A /* OnboardingViewController.swift */ = {isa = PBXFileReference; lastKnownFileType = sourcecode.swift; path = OnboardingViewController.swift; sourceTree = "<group>"; };
		DD3941A72ABEF7520059233A /* PageViewController.swift */ = {isa = PBXFileReference; lastKnownFileType = sourcecode.swift; path = PageViewController.swift; sourceTree = "<group>"; };
		DD4137D12AB23127002B851A /* TrackerRecord.swift */ = {isa = PBXFileReference; fileEncoding = 4; lastKnownFileType = sourcecode.swift; path = TrackerRecord.swift; sourceTree = "<group>"; };
		DD41BA8D2AA9D63B00943466 /* GeometricParameters.swift */ = {isa = PBXFileReference; lastKnownFileType = sourcecode.swift; path = GeometricParameters.swift; sourceTree = "<group>"; };
		DD7574242A9E2DE800619147 /* TrackerSetupViewController.swift */ = {isa = PBXFileReference; lastKnownFileType = sourcecode.swift; path = TrackerSetupViewController.swift; sourceTree = "<group>"; };
		DD7574272A9E48D400619147 /* UIButton+Extensions.swift */ = {isa = PBXFileReference; lastKnownFileType = sourcecode.swift; path = "UIButton+Extensions.swift"; sourceTree = "<group>"; };
		DD7574292A9E790000619147 /* ScheduleView.swift */ = {isa = PBXFileReference; lastKnownFileType = sourcecode.swift; path = ScheduleView.swift; sourceTree = "<group>"; };
		DD8C52D72AC1F3DC007F3800 /* Observable.swift */ = {isa = PBXFileReference; lastKnownFileType = sourcecode.swift; path = Observable.swift; sourceTree = "<group>"; };
		DD8C52D92AC1F957007F3800 /* CategoryCellViewModel.swift */ = {isa = PBXFileReference; lastKnownFileType = sourcecode.swift; path = CategoryCellViewModel.swift; sourceTree = "<group>"; };
		DD8C52DE2AC1FB57007F3800 /* NewCategoryView.swift */ = {isa = PBXFileReference; lastKnownFileType = sourcecode.swift; path = NewCategoryView.swift; sourceTree = "<group>"; };
		DD8C52E02AC2033E007F3800 /* CategoryCellView.swift */ = {isa = PBXFileReference; lastKnownFileType = sourcecode.swift; path = CategoryCellView.swift; sourceTree = "<group>"; };
		DD8E80262AA2406C00790687 /* UIViewController+Extensions.swift */ = {isa = PBXFileReference; lastKnownFileType = sourcecode.swift; path = "UIViewController+Extensions.swift"; sourceTree = "<group>"; };
		DD8E80282AA262EC00790687 /* TrackerCategoryHeader.swift */ = {isa = PBXFileReference; lastKnownFileType = sourcecode.swift; path = TrackerCategoryHeader.swift; sourceTree = "<group>"; };
		DDBA49D12A9B242000E1E0C9 /* TrackerCollectionViewController.swift */ = {isa = PBXFileReference; lastKnownFileType = sourcecode.swift; path = TrackerCollectionViewController.swift; sourceTree = "<group>"; };
		DDBA49D42A9B248E00E1E0C9 /* StatisticsViewController.swift */ = {isa = PBXFileReference; lastKnownFileType = sourcecode.swift; path = StatisticsViewController.swift; sourceTree = "<group>"; };
		DDBA49D82A9B2DE400E1E0C9 /* UIColor+Extensions.swift */ = {isa = PBXFileReference; lastKnownFileType = sourcecode.swift; path = "UIColor+Extensions.swift"; sourceTree = "<group>"; };
		DDD25CC82AA3BC220031B389 /* ru */ = {isa = PBXFileReference; lastKnownFileType = text.plist.strings; name = ru; path = ru.lproj/LaunchScreen.strings; sourceTree = "<group>"; };
		DDD982EA2A9FB48000994B01 /* ScheduleCellView.swift */ = {isa = PBXFileReference; lastKnownFileType = sourcecode.swift; path = ScheduleCellView.swift; sourceTree = "<group>"; };
		DDD982F02A9FD70100994B01 /* TrackerSetupTableViewCell.swift */ = {isa = PBXFileReference; lastKnownFileType = sourcecode.swift; path = TrackerSetupTableViewCell.swift; sourceTree = "<group>"; };
		DDDF41272AAB3AA500F4A75F /* TrackerSetupEmojiCell.swift */ = {isa = PBXFileReference; fileEncoding = 4; lastKnownFileType = sourcecode.swift; path = TrackerSetupEmojiCell.swift; sourceTree = "<group>"; };
		DDDF41292AAB3AB100F4A75F /* TrackerSetupSupView.swift */ = {isa = PBXFileReference; fileEncoding = 4; lastKnownFileType = sourcecode.swift; path = TrackerSetupSupView.swift; sourceTree = "<group>"; };
		DDDF412B2AAB3AB800F4A75F /* TrackerSetupColorCell.swift */ = {isa = PBXFileReference; fileEncoding = 4; lastKnownFileType = sourcecode.swift; path = TrackerSetupColorCell.swift; sourceTree = "<group>"; };
		DDDF412E2AAB783300F4A75F /* Model.xcdatamodel */ = {isa = PBXFileReference; lastKnownFileType = wrapper.xcdatamodel; path = Model.xcdatamodel; sourceTree = "<group>"; };
		DDDF413C2AACA96100F4A75F /* TrackerStore.swift */ = {isa = PBXFileReference; lastKnownFileType = sourcecode.swift; path = TrackerStore.swift; sourceTree = "<group>"; };
		DDDF413E2AACA97000F4A75F /* TrackerCategoryStore.swift */ = {isa = PBXFileReference; lastKnownFileType = sourcecode.swift; path = TrackerCategoryStore.swift; sourceTree = "<group>"; };
		DDDF41402AACA97E00F4A75F /* TrackerRecordStore.swift */ = {isa = PBXFileReference; lastKnownFileType = sourcecode.swift; path = TrackerRecordStore.swift; sourceTree = "<group>"; };
		DDFD06242A9BCE99005F3117 /* TrackerTypeViewController.swift */ = {isa = PBXFileReference; lastKnownFileType = sourcecode.swift; path = TrackerTypeViewController.swift; sourceTree = "<group>"; };
		DDFD06262A9BDA99005F3117 /* UILabel+Extensions.swift */ = {isa = PBXFileReference; lastKnownFileType = sourcecode.swift; path = "UILabel+Extensions.swift"; sourceTree = "<group>"; };
		DDFD06282A9CFB2E005F3117 /* TrackerCollectionViewCell.swift */ = {isa = PBXFileReference; lastKnownFileType = sourcecode.swift; path = TrackerCollectionViewCell.swift; sourceTree = "<group>"; };
/* End PBXFileReference section */

/* Begin PBXFrameworksBuildPhase section */
		DD08E5142A97B3C300E8FEB8 /* Frameworks */ = {
			isa = PBXFrameworksBuildPhase;
			buildActionMask = 2147483647;
			files = (
				DD8C52D42AC07A68007F3800 /* SnapKit in Frameworks */,
				DD8C52D62AC07A68007F3800 /* SnapKit-Dynamic in Frameworks */,
			);
			runOnlyForDeploymentPostprocessing = 0;
		};
/* End PBXFrameworksBuildPhase section */

/* Begin PBXGroup section */
		DD08E50E2A97B3C200E8FEB8 = {
			isa = PBXGroup;
			children = (
				DD08E5192A97B3C300E8FEB8 /* Tracker */,
				DD08E5182A97B3C300E8FEB8 /* Products */,
			);
			sourceTree = "<group>";
		};
		DD08E5182A97B3C300E8FEB8 /* Products */ = {
			isa = PBXGroup;
			children = (
				DD08E5172A97B3C300E8FEB8 /* Tracker.app */,
			);
			name = Products;
			sourceTree = "<group>";
		};
		DD08E5192A97B3C300E8FEB8 /* Tracker */ = {
			isa = PBXGroup;
			children = (
				DD08E52E2A97B85300E8FEB8 /* Application */,
				DDDF413B2AACA8E200F4A75F /* CoreData */,
				DDBA49D72A9B2DCD00E1E0C9 /* Extensions */,
				DD3941A62ABEF6FB0059233A /* Onboarding */,
				DDBA49CF2A9B20EB00E1E0C9 /* Trackers */,
				DDBA49D32A9B242600E1E0C9 /* Statistics */,
				DD08E52F2A97B87500E8FEB8 /* Resources */,
				DD08E51E2A97B3C300E8FEB8 /* TabBarController.swift */,
			);
			path = Tracker;
			sourceTree = "<group>";
		};
		DD08E52E2A97B85300E8FEB8 /* Application */ = {
			isa = PBXGroup;
			children = (
				DD08E51A2A97B3C300E8FEB8 /* AppDelegate.swift */,
			);
			path = Application;
			sourceTree = "<group>";
		};
		DD08E52F2A97B87500E8FEB8 /* Resources */ = {
			isa = PBXGroup;
			children = (
				DD08E5232A97B3C300E8FEB8 /* Assets.xcassets */,
				DD08E5252A97B3C300E8FEB8 /* LaunchScreen.storyboard */,
				DD08E5282A97B3C300E8FEB8 /* Info.plist */,
			);
			path = Resources;
			sourceTree = "<group>";
		};
		DD1D1AA72A9B815900BF2BCF /* Models */ = {
			isa = PBXGroup;
			children = (
				DD1D1AA82A9B816600BF2BCF /* Tracker.swift */,
				DD4137D12AB23127002B851A /* TrackerRecord.swift */,
				DD1D1AAA2A9B820100BF2BCF /* TrackerCategory.swift */,
				DD41BA8D2AA9D63B00943466 /* GeometricParameters.swift */,
				DD284A492AC4C5E3003C9BDD /* WeekDay.swift */,
			);
			path = Models;
			sourceTree = "<group>";
		};
		DD284A3A2AC32F52003C9BDD /* CategoryList */ = {
			isa = PBXGroup;
			children = (
				DD32B88A2AC0739E0082E91F /* CategoryListView.swift */,
				DD32B88C2AC073BB0082E91F /* CategoryListViewModel.swift */,
				DD32B88E2AC073CA0082E91F /* CategoryListModel.swift */,
			);
			path = CategoryList;
			sourceTree = "<group>";
		};
		DD284A3B2AC32F75003C9BDD /* NewCategory */ = {
			isa = PBXGroup;
			children = (
				DD8C52DE2AC1FB57007F3800 /* NewCategoryView.swift */,
				DD284A382AC21376003C9BDD /* NewCategoryViewModel.swift */,
				DD284A3C2AC32FB3003C9BDD /* NewCategoryModel.swift */,
			);
			path = NewCategory;
			sourceTree = "<group>";
		};
		DD284A3E2AC33537003C9BDD /* CategoryCell */ = {
			isa = PBXGroup;
			children = (
				DD8C52E02AC2033E007F3800 /* CategoryCellView.swift */,
				DD8C52D92AC1F957007F3800 /* CategoryCellViewModel.swift */,
			);
			path = CategoryCell;
			sourceTree = "<group>";
		};
		DD284A412AC4BAF9003C9BDD /* ScheduleList */ = {
			isa = PBXGroup;
			children = (
				DD7574292A9E790000619147 /* ScheduleView.swift */,
				DD284A432AC4BB38003C9BDD /* ScheduleViewModel.swift */,
			);
			path = ScheduleList;
			sourceTree = "<group>";
		};
		DD284A422AC4BB18003C9BDD /* ScheduleCell */ = {
			isa = PBXGroup;
			children = (
				DDD982EA2A9FB48000994B01 /* ScheduleCellView.swift */,
				DD284A472AC4BD3B003C9BDD /* ScheduleCellViewModel.swift */,
			);
			path = ScheduleCell;
			sourceTree = "<group>";
		};
		DD32B8892AC072630082E91F /* Categories */ = {
			isa = PBXGroup;
			children = (
				DD284A3A2AC32F52003C9BDD /* CategoryList */,
				DD284A3E2AC33537003C9BDD /* CategoryCell */,
				DD284A3B2AC32F75003C9BDD /* NewCategory */,
			);
			path = Categories;
			sourceTree = "<group>";
		};
		DD3941A62ABEF6FB0059233A /* Onboarding */ = {
			isa = PBXGroup;
			children = (
				DD3941A42ABEE38A0059233A /* OnboardingViewController.swift */,
				DD3941A72ABEF7520059233A /* PageViewController.swift */,
			);
			path = Onboarding;
			sourceTree = "<group>";
		};
		DDBA49CF2A9B20EB00E1E0C9 /* Trackers */ = {
			isa = PBXGroup;
			children = (
				DD8C52D72AC1F3DC007F3800 /* Observable.swift */,
				DD1D1AA72A9B815900BF2BCF /* Models */,
				DDD982EF2A9FB4E600994B01 /* TrackerCollection */,
				DDD982EE2A9FB4B500994B01 /* TrackerType */,
				DDD982ED2A9FB4A100994B01 /* TrackerSetup */,
				DDD982EC2A9FB48400994B01 /* Schedule */,
				DD32B8892AC072630082E91F /* Categories */,
			);
			path = Trackers;
			sourceTree = "<group>";
		};
		DDBA49D32A9B242600E1E0C9 /* Statistics */ = {
			isa = PBXGroup;
			children = (
				DDBA49D42A9B248E00E1E0C9 /* StatisticsViewController.swift */,
			);
			path = Statistics;
			sourceTree = "<group>";
		};
		DDBA49D72A9B2DCD00E1E0C9 /* Extensions */ = {
			isa = PBXGroup;
			children = (
				DDBA49D82A9B2DE400E1E0C9 /* UIColor+Extensions.swift */,
				DDFD06262A9BDA99005F3117 /* UILabel+Extensions.swift */,
				DD7574272A9E48D400619147 /* UIButton+Extensions.swift */,
				DD8E80262AA2406C00790687 /* UIViewController+Extensions.swift */,
			);
			path = Extensions;
			sourceTree = "<group>";
		};
		DDD982EC2A9FB48400994B01 /* Schedule */ = {
			isa = PBXGroup;
			children = (
				DD284A412AC4BAF9003C9BDD /* ScheduleList */,
				DD284A422AC4BB18003C9BDD /* ScheduleCell */,
			);
			path = Schedule;
			sourceTree = "<group>";
		};
		DDD982ED2A9FB4A100994B01 /* TrackerSetup */ = {
			isa = PBXGroup;
			children = (
				DD7574242A9E2DE800619147 /* TrackerSetupViewController.swift */,
				DDD982F02A9FD70100994B01 /* TrackerSetupTableViewCell.swift */,
				DDDF41272AAB3AA500F4A75F /* TrackerSetupEmojiCell.swift */,
				DDDF412B2AAB3AB800F4A75F /* TrackerSetupColorCell.swift */,
				DDDF41292AAB3AB100F4A75F /* TrackerSetupSupView.swift */,
			);
			path = TrackerSetup;
			sourceTree = "<group>";
		};
		DDD982EE2A9FB4B500994B01 /* TrackerType */ = {
			isa = PBXGroup;
			children = (
				DDFD06242A9BCE99005F3117 /* TrackerTypeViewController.swift */,
			);
			path = TrackerType;
			sourceTree = "<group>";
		};
		DDD982EF2A9FB4E600994B01 /* TrackerCollection */ = {
			isa = PBXGroup;
			children = (
				DDBA49D12A9B242000E1E0C9 /* TrackerCollectionViewController.swift */,
				DDFD06282A9CFB2E005F3117 /* TrackerCollectionViewCell.swift */,
				DD8E80282AA262EC00790687 /* TrackerCategoryHeader.swift */,
			);
			path = TrackerCollection;
			sourceTree = "<group>";
		};
		DDDF413B2AACA8E200F4A75F /* CoreData */ = {
			isa = PBXGroup;
			children = (
				DDDF412D2AAB783300F4A75F /* Model.xcdatamodeld */,
				DDDF413C2AACA96100F4A75F /* TrackerStore.swift */,
				DDDF413E2AACA97000F4A75F /* TrackerCategoryStore.swift */,
				DDDF41402AACA97E00F4A75F /* TrackerRecordStore.swift */,
				DD284A3F2AC33D99003C9BDD /* StoreError.swift */,
			);
			path = CoreData;
			sourceTree = "<group>";
		};
/* End PBXGroup section */

/* Begin PBXNativeTarget section */
		DD08E5162A97B3C300E8FEB8 /* Tracker */ = {
			isa = PBXNativeTarget;
			buildConfigurationList = DD08E52B2A97B3C300E8FEB8 /* Build configuration list for PBXNativeTarget "Tracker" */;
			buildPhases = (
				DD08E5132A97B3C300E8FEB8 /* Sources */,
				DD08E5142A97B3C300E8FEB8 /* Frameworks */,
				DD08E5152A97B3C300E8FEB8 /* Resources */,
			);
			buildRules = (
			);
			dependencies = (
			);
			name = Tracker;
			packageProductDependencies = (
				DD8C52D32AC07A68007F3800 /* SnapKit */,
				DD8C52D52AC07A68007F3800 /* SnapKit-Dynamic */,
			);
			productName = Tracker;
			productReference = DD08E5172A97B3C300E8FEB8 /* Tracker.app */;
			productType = "com.apple.product-type.application";
		};
/* End PBXNativeTarget section */

/* Begin PBXProject section */
		DD08E50F2A97B3C200E8FEB8 /* Project object */ = {
			isa = PBXProject;
			attributes = {
				BuildIndependentTargetsInParallel = 1;
				LastSwiftUpdateCheck = 1430;
				LastUpgradeCheck = 1430;
				TargetAttributes = {
					DD08E5162A97B3C300E8FEB8 = {
						CreatedOnToolsVersion = 14.3.1;
					};
				};
			};
			buildConfigurationList = DD08E5122A97B3C200E8FEB8 /* Build configuration list for PBXProject "Tracker" */;
			compatibilityVersion = "Xcode 14.0";
			developmentRegion = ru;
			hasScannedForEncodings = 0;
			knownRegions = (
				en,
				Base,
				ru,
			);
			mainGroup = DD08E50E2A97B3C200E8FEB8;
			packageReferences = (
				DD8C52D22AC07A68007F3800 /* XCRemoteSwiftPackageReference "SnapKit" */,
			);
			productRefGroup = DD08E5182A97B3C300E8FEB8 /* Products */;
			projectDirPath = "";
			projectRoot = "";
			targets = (
				DD08E5162A97B3C300E8FEB8 /* Tracker */,
			);
		};
/* End PBXProject section */

/* Begin PBXResourcesBuildPhase section */
		DD08E5152A97B3C300E8FEB8 /* Resources */ = {
			isa = PBXResourcesBuildPhase;
			buildActionMask = 2147483647;
			files = (
				DD08E5272A97B3C300E8FEB8 /* LaunchScreen.storyboard in Resources */,
				DD08E5242A97B3C300E8FEB8 /* Assets.xcassets in Resources */,
			);
			runOnlyForDeploymentPostprocessing = 0;
		};
/* End PBXResourcesBuildPhase section */

/* Begin PBXSourcesBuildPhase section */
		DD08E5132A97B3C300E8FEB8 /* Sources */ = {
			isa = PBXSourcesBuildPhase;
			buildActionMask = 2147483647;
			files = (
				DD284A4A2AC4C5E3003C9BDD /* WeekDay.swift in Sources */,
				DD75742A2A9E790000619147 /* ScheduleView.swift in Sources */,
				DDDF412F2AAB783300F4A75F /* Model.xcdatamodeld in Sources */,
				DD08E51F2A97B3C300E8FEB8 /* TabBarController.swift in Sources */,
				DDDF412C2AAB3AB800F4A75F /* TrackerSetupColorCell.swift in Sources */,
				DDD982F12A9FD70100994B01 /* TrackerSetupTableViewCell.swift in Sources */,
				DDDF41412AACA97E00F4A75F /* TrackerRecordStore.swift in Sources */,
				DD8C52E12AC2033E007F3800 /* CategoryCellView.swift in Sources */,
				DD7574282A9E48D400619147 /* UIButton+Extensions.swift in Sources */,
				DD41BA8E2AA9D63B00943466 /* GeometricParameters.swift in Sources */,
				DDBA49D92A9B2DE400E1E0C9 /* UIColor+Extensions.swift in Sources */,
				DD284A3D2AC32FB3003C9BDD /* NewCategoryModel.swift in Sources */,
				DD8E80272AA2406C00790687 /* UIViewController+Extensions.swift in Sources */,
				DD284A482AC4BD3B003C9BDD /* ScheduleCellViewModel.swift in Sources */,
				DDDF41282AAB3AA500F4A75F /* TrackerSetupEmojiCell.swift in Sources */,
				DDFD06272A9BDA99005F3117 /* UILabel+Extensions.swift in Sources */,
				DD1D1AAB2A9B820100BF2BCF /* TrackerCategory.swift in Sources */,
				DD4137D22AB23127002B851A /* TrackerRecord.swift in Sources */,
				DDFD06252A9BCE99005F3117 /* TrackerTypeViewController.swift in Sources */,
				DD3941A82ABEF7520059233A /* PageViewController.swift in Sources */,
				DD8C52DA2AC1F957007F3800 /* CategoryCellViewModel.swift in Sources */,
				DD8C52D82AC1F3DC007F3800 /* Observable.swift in Sources */,
				DD7574252A9E2DE800619147 /* TrackerSetupViewController.swift in Sources */,
				DD3941A52ABEE38A0059233A /* OnboardingViewController.swift in Sources */,
				DDDF413D2AACA96100F4A75F /* TrackerStore.swift in Sources */,
				DD32B88D2AC073BB0082E91F /* CategoryListViewModel.swift in Sources */,
				DDBA49D22A9B242000E1E0C9 /* TrackerCollectionViewController.swift in Sources */,
				DD8C52DF2AC1FB57007F3800 /* NewCategoryView.swift in Sources */,
				DD284A392AC21376003C9BDD /* NewCategoryViewModel.swift in Sources */,
				DDDF413F2AACA97000F4A75F /* TrackerCategoryStore.swift in Sources */,
				DDFD06292A9CFB2E005F3117 /* TrackerCollectionViewCell.swift in Sources */,
				DD32B88F2AC073CA0082E91F /* CategoryListModel.swift in Sources */,
				DD8E80292AA262EC00790687 /* TrackerCategoryHeader.swift in Sources */,
				DDD982EB2A9FB48000994B01 /* ScheduleCellView.swift in Sources */,
				DD08E51B2A97B3C300E8FEB8 /* AppDelegate.swift in Sources */,
				DD32B88B2AC0739E0082E91F /* CategoryListView.swift in Sources */,
				DDBA49D52A9B248E00E1E0C9 /* StatisticsViewController.swift in Sources */,
				DDDF412A2AAB3AB100F4A75F /* TrackerSetupSupView.swift in Sources */,
				DD284A402AC33D99003C9BDD /* StoreError.swift in Sources */,
				DD284A442AC4BB38003C9BDD /* ScheduleViewModel.swift in Sources */,
				DD1D1AA92A9B816600BF2BCF /* Tracker.swift in Sources */,
			);
			runOnlyForDeploymentPostprocessing = 0;
		};
/* End PBXSourcesBuildPhase section */

/* Begin PBXVariantGroup section */
		DD08E5252A97B3C300E8FEB8 /* LaunchScreen.storyboard */ = {
			isa = PBXVariantGroup;
			children = (
				DD08E5262A97B3C300E8FEB8 /* Base */,
				DDD25CC82AA3BC220031B389 /* ru */,
			);
			name = LaunchScreen.storyboard;
			sourceTree = "<group>";
		};
/* End PBXVariantGroup section */

/* Begin XCBuildConfiguration section */
		DD08E5292A97B3C300E8FEB8 /* Debug */ = {
			isa = XCBuildConfiguration;
			buildSettings = {
				ALWAYS_SEARCH_USER_PATHS = NO;
				CLANG_ANALYZER_LOCALIZABILITY_NONLOCALIZED = YES;
				CLANG_ANALYZER_NONNULL = YES;
				CLANG_ANALYZER_NUMBER_OBJECT_CONVERSION = YES_AGGRESSIVE;
				CLANG_CXX_LANGUAGE_STANDARD = "gnu++20";
				CLANG_ENABLE_MODULES = YES;
				CLANG_ENABLE_OBJC_ARC = YES;
				CLANG_ENABLE_OBJC_WEAK = YES;
				CLANG_WARN_BLOCK_CAPTURE_AUTORELEASING = YES;
				CLANG_WARN_BOOL_CONVERSION = YES;
				CLANG_WARN_COMMA = YES;
				CLANG_WARN_CONSTANT_CONVERSION = YES;
				CLANG_WARN_DEPRECATED_OBJC_IMPLEMENTATIONS = YES;
				CLANG_WARN_DIRECT_OBJC_ISA_USAGE = YES_ERROR;
				CLANG_WARN_DOCUMENTATION_COMMENTS = YES;
				CLANG_WARN_EMPTY_BODY = YES;
				CLANG_WARN_ENUM_CONVERSION = YES;
				CLANG_WARN_INFINITE_RECURSION = YES;
				CLANG_WARN_INT_CONVERSION = YES;
				CLANG_WARN_NON_LITERAL_NULL_CONVERSION = YES;
				CLANG_WARN_OBJC_IMPLICIT_RETAIN_SELF = YES;
				CLANG_WARN_OBJC_LITERAL_CONVERSION = YES;
				CLANG_WARN_OBJC_ROOT_CLASS = YES_ERROR;
				CLANG_WARN_QUOTED_INCLUDE_IN_FRAMEWORK_HEADER = YES;
				CLANG_WARN_RANGE_LOOP_ANALYSIS = YES;
				CLANG_WARN_STRICT_PROTOTYPES = YES;
				CLANG_WARN_SUSPICIOUS_MOVE = YES;
				CLANG_WARN_UNGUARDED_AVAILABILITY = YES_AGGRESSIVE;
				CLANG_WARN_UNREACHABLE_CODE = YES;
				CLANG_WARN__DUPLICATE_METHOD_MATCH = YES;
				COPY_PHASE_STRIP = NO;
				DEBUG_INFORMATION_FORMAT = dwarf;
				ENABLE_STRICT_OBJC_MSGSEND = YES;
				ENABLE_TESTABILITY = YES;
				GCC_C_LANGUAGE_STANDARD = gnu11;
				GCC_DYNAMIC_NO_PIC = NO;
				GCC_NO_COMMON_BLOCKS = YES;
				GCC_OPTIMIZATION_LEVEL = 0;
				GCC_PREPROCESSOR_DEFINITIONS = (
					"DEBUG=1",
					"$(inherited)",
				);
				GCC_WARN_64_TO_32_BIT_CONVERSION = YES;
				GCC_WARN_ABOUT_RETURN_TYPE = YES_ERROR;
				GCC_WARN_UNDECLARED_SELECTOR = YES;
				GCC_WARN_UNINITIALIZED_AUTOS = YES_AGGRESSIVE;
				GCC_WARN_UNUSED_FUNCTION = YES;
				GCC_WARN_UNUSED_VARIABLE = YES;
				IPHONEOS_DEPLOYMENT_TARGET = 16.4;
				MTL_ENABLE_DEBUG_INFO = INCLUDE_SOURCE;
				MTL_FAST_MATH = YES;
				ONLY_ACTIVE_ARCH = YES;
				SDKROOT = iphoneos;
				SWIFT_ACTIVE_COMPILATION_CONDITIONS = DEBUG;
				SWIFT_OPTIMIZATION_LEVEL = "-Onone";
			};
			name = Debug;
		};
		DD08E52A2A97B3C300E8FEB8 /* Release */ = {
			isa = XCBuildConfiguration;
			buildSettings = {
				ALWAYS_SEARCH_USER_PATHS = NO;
				CLANG_ANALYZER_LOCALIZABILITY_NONLOCALIZED = YES;
				CLANG_ANALYZER_NONNULL = YES;
				CLANG_ANALYZER_NUMBER_OBJECT_CONVERSION = YES_AGGRESSIVE;
				CLANG_CXX_LANGUAGE_STANDARD = "gnu++20";
				CLANG_ENABLE_MODULES = YES;
				CLANG_ENABLE_OBJC_ARC = YES;
				CLANG_ENABLE_OBJC_WEAK = YES;
				CLANG_WARN_BLOCK_CAPTURE_AUTORELEASING = YES;
				CLANG_WARN_BOOL_CONVERSION = YES;
				CLANG_WARN_COMMA = YES;
				CLANG_WARN_CONSTANT_CONVERSION = YES;
				CLANG_WARN_DEPRECATED_OBJC_IMPLEMENTATIONS = YES;
				CLANG_WARN_DIRECT_OBJC_ISA_USAGE = YES_ERROR;
				CLANG_WARN_DOCUMENTATION_COMMENTS = YES;
				CLANG_WARN_EMPTY_BODY = YES;
				CLANG_WARN_ENUM_CONVERSION = YES;
				CLANG_WARN_INFINITE_RECURSION = YES;
				CLANG_WARN_INT_CONVERSION = YES;
				CLANG_WARN_NON_LITERAL_NULL_CONVERSION = YES;
				CLANG_WARN_OBJC_IMPLICIT_RETAIN_SELF = YES;
				CLANG_WARN_OBJC_LITERAL_CONVERSION = YES;
				CLANG_WARN_OBJC_ROOT_CLASS = YES_ERROR;
				CLANG_WARN_QUOTED_INCLUDE_IN_FRAMEWORK_HEADER = YES;
				CLANG_WARN_RANGE_LOOP_ANALYSIS = YES;
				CLANG_WARN_STRICT_PROTOTYPES = YES;
				CLANG_WARN_SUSPICIOUS_MOVE = YES;
				CLANG_WARN_UNGUARDED_AVAILABILITY = YES_AGGRESSIVE;
				CLANG_WARN_UNREACHABLE_CODE = YES;
				CLANG_WARN__DUPLICATE_METHOD_MATCH = YES;
				COPY_PHASE_STRIP = NO;
				DEBUG_INFORMATION_FORMAT = "dwarf-with-dsym";
				ENABLE_NS_ASSERTIONS = NO;
				ENABLE_STRICT_OBJC_MSGSEND = YES;
				GCC_C_LANGUAGE_STANDARD = gnu11;
				GCC_NO_COMMON_BLOCKS = YES;
				GCC_WARN_64_TO_32_BIT_CONVERSION = YES;
				GCC_WARN_ABOUT_RETURN_TYPE = YES_ERROR;
				GCC_WARN_UNDECLARED_SELECTOR = YES;
				GCC_WARN_UNINITIALIZED_AUTOS = YES_AGGRESSIVE;
				GCC_WARN_UNUSED_FUNCTION = YES;
				GCC_WARN_UNUSED_VARIABLE = YES;
				IPHONEOS_DEPLOYMENT_TARGET = 16.4;
				MTL_ENABLE_DEBUG_INFO = NO;
				MTL_FAST_MATH = YES;
				SDKROOT = iphoneos;
				SWIFT_COMPILATION_MODE = wholemodule;
				SWIFT_OPTIMIZATION_LEVEL = "-O";
				VALIDATE_PRODUCT = YES;
			};
			name = Release;
		};
		DD08E52C2A97B3C300E8FEB8 /* Debug */ = {
			isa = XCBuildConfiguration;
			buildSettings = {
				ASSETCATALOG_COMPILER_APPICON_NAME = AppIcon;
				ASSETCATALOG_COMPILER_GLOBAL_ACCENT_COLOR_NAME = AccentColor;
				CODE_SIGN_STYLE = Automatic;
				CURRENT_PROJECT_VERSION = 1;
				DEVELOPMENT_TEAM = UL8MT562QM;
				GENERATE_INFOPLIST_FILE = YES;
				INFOPLIST_FILE = Tracker/Resources/Info.plist;
				INFOPLIST_KEY_UIApplicationSupportsIndirectInputEvents = YES;
				INFOPLIST_KEY_UILaunchStoryboardName = LaunchScreen;
				INFOPLIST_KEY_UISupportedInterfaceOrientations = UIInterfaceOrientationPortrait;
				IPHONEOS_DEPLOYMENT_TARGET = 13.4;
				LD_RUNPATH_SEARCH_PATHS = (
					"$(inherited)",
					"@executable_path/Frameworks",
				);
				MARKETING_VERSION = 1.0;
				PRODUCT_BUNDLE_IDENTIFIER = com.vadamask.Tracker;
				PRODUCT_NAME = "$(TARGET_NAME)";
				SUPPORTED_PLATFORMS = "iphoneos iphonesimulator";
				SUPPORTS_MACCATALYST = NO;
				SUPPORTS_MAC_DESIGNED_FOR_IPHONE_IPAD = NO;
				SWIFT_EMIT_LOC_STRINGS = YES;
				SWIFT_VERSION = 5.0;
				TARGETED_DEVICE_FAMILY = 1;
			};
			name = Debug;
		};
		DD08E52D2A97B3C300E8FEB8 /* Release */ = {
			isa = XCBuildConfiguration;
			buildSettings = {
				ASSETCATALOG_COMPILER_APPICON_NAME = AppIcon;
				ASSETCATALOG_COMPILER_GLOBAL_ACCENT_COLOR_NAME = AccentColor;
				CODE_SIGN_STYLE = Automatic;
				CURRENT_PROJECT_VERSION = 1;
				DEVELOPMENT_TEAM = UL8MT562QM;
				GENERATE_INFOPLIST_FILE = YES;
				INFOPLIST_FILE = Tracker/Resources/Info.plist;
				INFOPLIST_KEY_UIApplicationSupportsIndirectInputEvents = YES;
				INFOPLIST_KEY_UILaunchStoryboardName = LaunchScreen;
				INFOPLIST_KEY_UISupportedInterfaceOrientations = UIInterfaceOrientationPortrait;
				IPHONEOS_DEPLOYMENT_TARGET = 13.4;
				LD_RUNPATH_SEARCH_PATHS = (
					"$(inherited)",
					"@executable_path/Frameworks",
				);
				MARKETING_VERSION = 1.0;
				PRODUCT_BUNDLE_IDENTIFIER = com.vadamask.Tracker;
				PRODUCT_NAME = "$(TARGET_NAME)";
				SUPPORTED_PLATFORMS = "iphoneos iphonesimulator";
				SUPPORTS_MACCATALYST = NO;
				SUPPORTS_MAC_DESIGNED_FOR_IPHONE_IPAD = NO;
				SWIFT_EMIT_LOC_STRINGS = YES;
				SWIFT_VERSION = 5.0;
				TARGETED_DEVICE_FAMILY = 1;
			};
			name = Release;
		};
/* End XCBuildConfiguration section */

/* Begin XCConfigurationList section */
		DD08E5122A97B3C200E8FEB8 /* Build configuration list for PBXProject "Tracker" */ = {
			isa = XCConfigurationList;
			buildConfigurations = (
				DD08E5292A97B3C300E8FEB8 /* Debug */,
				DD08E52A2A97B3C300E8FEB8 /* Release */,
			);
			defaultConfigurationIsVisible = 0;
			defaultConfigurationName = Release;
		};
		DD08E52B2A97B3C300E8FEB8 /* Build configuration list for PBXNativeTarget "Tracker" */ = {
			isa = XCConfigurationList;
			buildConfigurations = (
				DD08E52C2A97B3C300E8FEB8 /* Debug */,
				DD08E52D2A97B3C300E8FEB8 /* Release */,
			);
			defaultConfigurationIsVisible = 0;
			defaultConfigurationName = Release;
		};
/* End XCConfigurationList section */

/* Begin XCRemoteSwiftPackageReference section */
		DD8C52D22AC07A68007F3800 /* XCRemoteSwiftPackageReference "SnapKit" */ = {
			isa = XCRemoteSwiftPackageReference;
			repositoryURL = "https://github.com/SnapKit/SnapKit";
			requirement = {
				kind = upToNextMajorVersion;
				minimumVersion = 5.6.0;
			};
		};
/* End XCRemoteSwiftPackageReference section */

/* Begin XCSwiftPackageProductDependency section */
		DD8C52D32AC07A68007F3800 /* SnapKit */ = {
			isa = XCSwiftPackageProductDependency;
			package = DD8C52D22AC07A68007F3800 /* XCRemoteSwiftPackageReference "SnapKit" */;
			productName = SnapKit;
		};
		DD8C52D52AC07A68007F3800 /* SnapKit-Dynamic */ = {
			isa = XCSwiftPackageProductDependency;
			package = DD8C52D22AC07A68007F3800 /* XCRemoteSwiftPackageReference "SnapKit" */;
			productName = "SnapKit-Dynamic";
		};
/* End XCSwiftPackageProductDependency section */

/* Begin XCVersionGroup section */
		DDDF412D2AAB783300F4A75F /* Model.xcdatamodeld */ = {
			isa = XCVersionGroup;
			children = (
				DDDF412E2AAB783300F4A75F /* Model.xcdatamodel */,
			);
			currentVersion = DDDF412E2AAB783300F4A75F /* Model.xcdatamodel */;
			path = Model.xcdatamodeld;
			sourceTree = "<group>";
			versionGroupType = wrapper.xcdatamodel;
		};
/* End XCVersionGroup section */
	};
	rootObject = DD08E50F2A97B3C200E8FEB8 /* Project object */;
}
